
Microsoft Visual Studio Solution File, Format Version 12.00
# Visual Studio 14
VisualStudioVersion = 14.0.23107.0
MinimumVisualStudioVersion = 10.0.40219.1
Project("{FAE04EC0-301F-11D3-BF4B-00C04F79EFBC}") = "XamarinFormsSample", "XamarinFormsSample\XamarinFormsSample\XamarinFormsSample.csproj", "{B9894726-12DE-4BBC-92E4-0058B95BFB85}"
EndProject
Project("{FAE04EC0-301F-11D3-BF4B-00C04F79EFBC}") = "XamarinFormsSample.iOS", "XamarinFormsSample\XamarinFormsSample.iOS\XamarinFormsSample.iOS.csproj", "{26A89DC7-48D9-4B54-8D26-E8813056092D}"
EndProject
Project("{FAE04EC0-301F-11D3-BF4B-00C04F79EFBC}") = "XamarinFormsSample.Droid", "XamarinFormsSample\XamarinFormsSample.Droid\XamarinFormsSample.Droid.csproj", "{6E478789-0499-47F3-9BD5-EE54F5A03E22}"
EndProject
Project("{FAE04EC0-301F-11D3-BF4B-00C04F79EFBC}") = "XamarinFormsSample.WinPhone", "XamarinFormsSample\XamarinFormsSample.WinPhone\XamarinFormsSample.WinPhone.csproj", "{783A4CC7-7B6B-441E-8683-38B314650497}"
EndProject
Global
	GlobalSection(SolutionConfigurationPlatforms) = preSolution
		Ad-Hoc|Any CPU = Ad-Hoc|Any CPU
		Ad-Hoc|ARM = Ad-Hoc|ARM
		Ad-Hoc|iPhone = Ad-Hoc|iPhone
		Ad-Hoc|iPhoneSimulator = Ad-Hoc|iPhoneSimulator
		Ad-Hoc|x86 = Ad-Hoc|x86
		AppStore|Any CPU = AppStore|Any CPU
		AppStore|ARM = AppStore|ARM
		AppStore|iPhone = AppStore|iPhone
		AppStore|iPhoneSimulator = AppStore|iPhoneSimulator
		AppStore|x86 = AppStore|x86
		Debug|Any CPU = Debug|Any CPU
		Debug|ARM = Debug|ARM
		Debug|iPhone = Debug|iPhone
		Debug|iPhoneSimulator = Debug|iPhoneSimulator
		Debug|x86 = Debug|x86
		Release|Any CPU = Release|Any CPU
		Release|ARM = Release|ARM
		Release|iPhone = Release|iPhone
		Release|iPhoneSimulator = Release|iPhoneSimulator
		Release|x86 = Release|x86
	EndGlobalSection
	GlobalSection(ProjectConfigurationPlatforms) = postSolution
		{B9894726-12DE-4BBC-92E4-0058B95BFB85}.Ad-Hoc|Any CPU.ActiveCfg = Release|Any CPU
		{B9894726-12DE-4BBC-92E4-0058B95BFB85}.Ad-Hoc|Any CPU.Build.0 = Release|Any CPU
		{B9894726-12DE-4BBC-92E4-0058B95BFB85}.Ad-Hoc|ARM.ActiveCfg = Release|Any CPU
		{B9894726-12DE-4BBC-92E4-0058B95BFB85}.Ad-Hoc|ARM.Build.0 = Release|Any CPU
		{B9894726-12DE-4BBC-92E4-0058B95BFB85}.Ad-Hoc|iPhone.ActiveCfg = Release|Any CPU
		{B9894726-12DE-4BBC-92E4-0058B95BFB85}.Ad-Hoc|iPhone.Build.0 = Release|Any CPU
		{B9894726-12DE-4BBC-92E4-0058B95BFB85}.Ad-Hoc|iPhoneSimulator.ActiveCfg = Release|Any CPU
		{B9894726-12DE-4BBC-92E4-0058B95BFB85}.Ad-Hoc|iPhoneSimulator.Build.0 = Release|Any CPU
		{B9894726-12DE-4BBC-92E4-0058B95BFB85}.Ad-Hoc|x86.ActiveCfg = Release|Any CPU
		{B9894726-12DE-4BBC-92E4-0058B95BFB85}.Ad-Hoc|x86.Build.0 = Release|Any CPU
		{B9894726-12DE-4BBC-92E4-0058B95BFB85}.AppStore|Any CPU.ActiveCfg = Release|Any CPU
		{B9894726-12DE-4BBC-92E4-0058B95BFB85}.AppStore|Any CPU.Build.0 = Release|Any CPU
		{B9894726-12DE-4BBC-92E4-0058B95BFB85}.AppStore|ARM.ActiveCfg = Release|Any CPU
		{B9894726-12DE-4BBC-92E4-0058B95BFB85}.AppStore|ARM.Build.0 = Release|Any CPU
		{B9894726-12DE-4BBC-92E4-0058B95BFB85}.AppStore|iPhone.ActiveCfg = Release|Any CPU
		{B9894726-12DE-4BBC-92E4-0058B95BFB85}.AppStore|iPhone.Build.0 = Release|Any CPU
		{B9894726-12DE-4BBC-92E4-0058B95BFB85}.AppStore|iPhoneSimulator.ActiveCfg = Release|Any CPU
		{B9894726-12DE-4BBC-92E4-0058B95BFB85}.AppStore|iPhoneSimulator.Build.0 = Release|Any CPU
		{B9894726-12DE-4BBC-92E4-0058B95BFB85}.AppStore|x86.ActiveCfg = Release|Any CPU
		{B9894726-12DE-4BBC-92E4-0058B95BFB85}.AppStore|x86.Build.0 = Release|Any CPU
		{B9894726-12DE-4BBC-92E4-0058B95BFB85}.Debug|Any CPU.ActiveCfg = Debug|Any CPU
		{B9894726-12DE-4BBC-92E4-0058B95BFB85}.Debug|Any CPU.Build.0 = Debug|Any CPU
		{B9894726-12DE-4BBC-92E4-0058B95BFB85}.Debug|ARM.ActiveCfg = Debug|Any CPU
		{B9894726-12DE-4BBC-92E4-0058B95BFB85}.Debug|ARM.Build.0 = Debug|Any CPU
		{B9894726-12DE-4BBC-92E4-0058B95BFB85}.Debug|iPhone.ActiveCfg = Debug|Any CPU
		{B9894726-12DE-4BBC-92E4-0058B95BFB85}.Debug|iPhone.Build.0 = Debug|Any CPU
		{B9894726-12DE-4BBC-92E4-0058B95BFB85}.Debug|iPhoneSimulator.ActiveCfg = Debug|Any CPU
		{B9894726-12DE-4BBC-92E4-0058B95BFB85}.Debug|iPhoneSimulator.Build.0 = Debug|Any CPU
		{B9894726-12DE-4BBC-92E4-0058B95BFB85}.Debug|x86.ActiveCfg = Debug|Any CPU
		{B9894726-12DE-4BBC-92E4-0058B95BFB85}.Debug|x86.Build.0 = Debug|Any CPU
		{B9894726-12DE-4BBC-92E4-0058B95BFB85}.Release|Any CPU.ActiveCfg = Release|Any CPU
		{B9894726-12DE-4BBC-92E4-0058B95BFB85}.Release|Any CPU.Build.0 = Release|Any CPU
		{B9894726-12DE-4BBC-92E4-0058B95BFB85}.Release|ARM.ActiveCfg = Release|Any CPU
		{B9894726-12DE-4BBC-92E4-0058B95BFB85}.Release|ARM.Build.0 = Release|Any CPU
		{B9894726-12DE-4BBC-92E4-0058B95BFB85}.Release|iPhone.ActiveCfg = Release|Any CPU
		{B9894726-12DE-4BBC-92E4-0058B95BFB85}.Release|iPhone.Build.0 = Release|Any CPU
		{B9894726-12DE-4BBC-92E4-0058B95BFB85}.Release|iPhoneSimulator.ActiveCfg = Release|Any CPU
		{B9894726-12DE-4BBC-92E4-0058B95BFB85}.Release|iPhoneSimulator.Build.0 = Release|Any CPU
		{B9894726-12DE-4BBC-92E4-0058B95BFB85}.Release|x86.ActiveCfg = Release|Any CPU
		{B9894726-12DE-4BBC-92E4-0058B95BFB85}.Release|x86.Build.0 = Release|Any CPU
		{26A89DC7-48D9-4B54-8D26-E8813056092D}.Ad-Hoc|Any CPU.ActiveCfg = Ad-Hoc|iPhone
		{26A89DC7-48D9-4B54-8D26-E8813056092D}.Ad-Hoc|ARM.ActiveCfg = Ad-Hoc|iPhone
		{26A89DC7-48D9-4B54-8D26-E8813056092D}.Ad-Hoc|iPhone.ActiveCfg = Ad-Hoc|iPhone
		{26A89DC7-48D9-4B54-8D26-E8813056092D}.Ad-Hoc|iPhone.Build.0 = Ad-Hoc|iPhone
		{26A89DC7-48D9-4B54-8D26-E8813056092D}.Ad-Hoc|iPhoneSimulator.ActiveCfg = Ad-Hoc|iPhoneSimulator
		{26A89DC7-48D9-4B54-8D26-E8813056092D}.Ad-Hoc|iPhoneSimulator.Build.0 = Ad-Hoc|iPhoneSimulator
		{26A89DC7-48D9-4B54-8D26-E8813056092D}.Ad-Hoc|x86.ActiveCfg = Ad-Hoc|iPhone
		{26A89DC7-48D9-4B54-8D26-E8813056092D}.AppStore|Any CPU.ActiveCfg = AppStore|iPhone
		{26A89DC7-48D9-4B54-8D26-E8813056092D}.AppStore|ARM.ActiveCfg = AppStore|iPhone
		{26A89DC7-48D9-4B54-8D26-E8813056092D}.AppStore|iPhone.ActiveCfg = AppStore|iPhone
		{26A89DC7-48D9-4B54-8D26-E8813056092D}.AppStore|iPhone.Build.0 = AppStore|iPhone
		{26A89DC7-48D9-4B54-8D26-E8813056092D}.AppStore|iPhoneSimulator.ActiveCfg = AppStore|iPhoneSimulator
		{26A89DC7-48D9-4B54-8D26-E8813056092D}.AppStore|iPhoneSimulator.Build.0 = AppStore|iPhoneSimulator
		{26A89DC7-48D9-4B54-8D26-E8813056092D}.AppStore|x86.ActiveCfg = AppStore|iPhone
		{26A89DC7-48D9-4B54-8D26-E8813056092D}.Debug|Any CPU.ActiveCfg = Debug|iPhone
		{26A89DC7-48D9-4B54-8D26-E8813056092D}.Debug|ARM.ActiveCfg = Debug|iPhone
		{26A89DC7-48D9-4B54-8D26-E8813056092D}.Debug|iPhone.ActiveCfg = Debug|iPhone
		{26A89DC7-48D9-4B54-8D26-E8813056092D}.Debug|iPhone.Build.0 = Debug|iPhone
		{26A89DC7-48D9-4B54-8D26-E8813056092D}.Debug|iPhoneSimulator.ActiveCfg = Debug|iPhoneSimulator
		{26A89DC7-48D9-4B54-8D26-E8813056092D}.Debug|iPhoneSimulator.Build.0 = Debug|iPhoneSimulator
		{26A89DC7-48D9-4B54-8D26-E8813056092D}.Debug|x86.ActiveCfg = Debug|iPhone
		{26A89DC7-48D9-4B54-8D26-E8813056092D}.Release|Any CPU.ActiveCfg = Release|iPhone
		{26A89DC7-48D9-4B54-8D26-E8813056092D}.Release|ARM.ActiveCfg = Release|iPhone
		{26A89DC7-48D9-4B54-8D26-E8813056092D}.Release|iPhone.ActiveCfg = Release|iPhone
		{26A89DC7-48D9-4B54-8D26-E8813056092D}.Release|iPhone.Build.0 = Release|iPhone
		{26A89DC7-48D9-4B54-8D26-E8813056092D}.Release|iPhoneSimulator.ActiveCfg = Release|iPhoneSimulator
		{26A89DC7-48D9-4B54-8D26-E8813056092D}.Release|iPhoneSimulator.Build.0 = Release|iPhoneSimulator
		{26A89DC7-48D9-4B54-8D26-E8813056092D}.Release|x86.ActiveCfg = Release|iPhone
		{6E478789-0499-47F3-9BD5-EE54F5A03E22}.Ad-Hoc|Any CPU.ActiveCfg = Release|Any CPU
		{6E478789-0499-47F3-9BD5-EE54F5A03E22}.Ad-Hoc|Any CPU.Build.0 = Release|Any CPU
		{6E478789-0499-47F3-9BD5-EE54F5A03E22}.Ad-Hoc|Any CPU.Deploy.0 = Release|Any CPU
		{6E478789-0499-47F3-9BD5-EE54F5A03E22}.Ad-Hoc|ARM.ActiveCfg = Release|Any CPU
		{6E478789-0499-47F3-9BD5-EE54F5A03E22}.Ad-Hoc|ARM.Build.0 = Release|Any CPU
		{6E478789-0499-47F3-9BD5-EE54F5A03E22}.Ad-Hoc|ARM.Deploy.0 = Release|Any CPU
		{6E478789-0499-47F3-9BD5-EE54F5A03E22}.Ad-Hoc|iPhone.ActiveCfg = Release|Any CPU
		{6E478789-0499-47F3-9BD5-EE54F5A03E22}.Ad-Hoc|iPhone.Build.0 = Release|Any CPU
		{6E478789-0499-47F3-9BD5-EE54F5A03E22}.Ad-Hoc|iPhone.Deploy.0 = Release|Any CPU
		{6E478789-0499-47F3-9BD5-EE54F5A03E22}.Ad-Hoc|iPhoneSimulator.ActiveCfg = Release|Any CPU
		{6E478789-0499-47F3-9BD5-EE54F5A03E22}.Ad-Hoc|iPhoneSimulator.Build.0 = Release|Any CPU
		{6E478789-0499-47F3-9BD5-EE54F5A03E22}.Ad-Hoc|iPhoneSimulator.Deploy.0 = Release|Any CPU
		{6E478789-0499-47F3-9BD5-EE54F5A03E22}.Ad-Hoc|x86.ActiveCfg = Release|Any CPU
		{6E478789-0499-47F3-9BD5-EE54F5A03E22}.Ad-Hoc|x86.Build.0 = Release|Any CPU
		{6E478789-0499-47F3-9BD5-EE54F5A03E22}.Ad-Hoc|x86.Deploy.0 = Release|Any CPU
		{6E478789-0499-47F3-9BD5-EE54F5A03E22}.AppStore|Any CPU.ActiveCfg = Release|Any CPU
		{6E478789-0499-47F3-9BD5-EE54F5A03E22}.AppStore|Any CPU.Build.0 = Release|Any CPU
		{6E478789-0499-47F3-9BD5-EE54F5A03E22}.AppStore|Any CPU.Deploy.0 = Release|Any CPU
		{6E478789-0499-47F3-9BD5-EE54F5A03E22}.AppStore|ARM.ActiveCfg = Release|Any CPU
		{6E478789-0499-47F3-9BD5-EE54F5A03E22}.AppStore|ARM.Build.0 = Release|Any CPU
		{6E478789-0499-47F3-9BD5-EE54F5A03E22}.AppStore|ARM.Deploy.0 = Release|Any CPU
		{6E478789-0499-47F3-9BD5-EE54F5A03E22}.AppStore|iPhone.ActiveCfg = Release|Any CPU
		{6E478789-0499-47F3-9BD5-EE54F5A03E22}.AppStore|iPhone.Build.0 = Release|Any CPU
		{6E478789-0499-47F3-9BD5-EE54F5A03E22}.AppStore|iPhone.Deploy.0 = Release|Any CPU
		{6E478789-0499-47F3-9BD5-EE54F5A03E22}.AppStore|iPhoneSimulator.ActiveCfg = Release|Any CPU
		{6E478789-0499-47F3-9BD5-EE54F5A03E22}.AppStore|iPhoneSimulator.Build.0 = Release|Any CPU
		{6E478789-0499-47F3-9BD5-EE54F5A03E22}.AppStore|iPhoneSimulator.Deploy.0 = Release|Any CPU
		{6E478789-0499-47F3-9BD5-EE54F5A03E22}.AppStore|x86.ActiveCfg = Release|Any CPU
		{6E478789-0499-47F3-9BD5-EE54F5A03E22}.AppStore|x86.Build.0 = Release|Any CPU
		{6E478789-0499-47F3-9BD5-EE54F5A03E22}.AppStore|x86.Deploy.0 = Release|Any CPU
		{6E478789-0499-47F3-9BD5-EE54F5A03E22}.Debug|Any CPU.ActiveCfg = Debug|Any CPU
		{6E478789-0499-47F3-9BD5-EE54F5A03E22}.Debug|Any CPU.Build.0 = Debug|Any CPU
		{6E478789-0499-47F3-9BD5-EE54F5A03E22}.Debug|Any CPU.Deploy.0 = Debug|Any CPU
		{6E478789-0499-47F3-9BD5-EE54F5A03E22}.Debug|ARM.ActiveCfg = Debug|Any CPU
		{6E478789-0499-47F3-9BD5-EE54F5A03E22}.Debug|ARM.Build.0 = Debug|Any CPU
		{6E478789-0499-47F3-9BD5-EE54F5A03E22}.Debug|ARM.Deploy.0 = Debug|Any CPU
		{6E478789-0499-47F3-9BD5-EE54F5A03E22}.Debug|iPhone.ActiveCfg = Debug|Any CPU
		{6E478789-0499-47F3-9BD5-EE54F5A03E22}.Debug|iPhone.Build.0 = Debug|Any CPU
		{6E478789-0499-47F3-9BD5-EE54F5A03E22}.Debug|iPhone.Deploy.0 = Debug|Any CPU
		{6E478789-0499-47F3-9BD5-EE54F5A03E22}.Debug|iPhoneSimulator.ActiveCfg = Debug|Any CPU
		{6E478789-0499-47F3-9BD5-EE54F5A03E22}.Debug|iPhoneSimulator.Build.0 = Debug|Any CPU
		{6E478789-0499-47F3-9BD5-EE54F5A03E22}.Debug|iPhoneSimulator.Deploy.0 = Debug|Any CPU
		{6E478789-0499-47F3-9BD5-EE54F5A03E22}.Debug|x86.ActiveCfg = Debug|Any CPU
		{6E478789-0499-47F3-9BD5-EE54F5A03E22}.Debug|x86.Build.0 = Debug|Any CPU
		{6E478789-0499-47F3-9BD5-EE54F5A03E22}.Debug|x86.Deploy.0 = Debug|Any CPU
		{6E478789-0499-47F3-9BD5-EE54F5A03E22}.Release|Any CPU.ActiveCfg = Release|Any CPU
		{6E478789-0499-47F3-9BD5-EE54F5A03E22}.Release|Any CPU.Build.0 = Release|Any CPU
		{6E478789-0499-47F3-9BD5-EE54F5A03E22}.Release|Any CPU.Deploy.0 = Release|Any CPU
		{6E478789-0499-47F3-9BD5-EE54F5A03E22}.Release|ARM.ActiveCfg = Release|Any CPU
		{6E478789-0499-47F3-9BD5-EE54F5A03E22}.Release|ARM.Build.0 = Release|Any CPU
		{6E478789-0499-47F3-9BD5-EE54F5A03E22}.Release|ARM.Deploy.0 = Release|Any CPU
		{6E478789-0499-47F3-9BD5-EE54F5A03E22}.Release|iPhone.ActiveCfg = Release|Any CPU
		{6E478789-0499-47F3-9BD5-EE54F5A03E22}.Release|iPhone.Build.0 = Release|Any CPU
		{6E478789-0499-47F3-9BD5-EE54F5A03E22}.Release|iPhone.Deploy.0 = Release|Any CPU
		{6E478789-0499-47F3-9BD5-EE54F5A03E22}.Release|iPhoneSimulator.ActiveCfg = Release|Any CPU
		{6E478789-0499-47F3-9BD5-EE54F5A03E22}.Release|iPhoneSimulator.Build.0 = Release|Any CPU
		{6E478789-0499-47F3-9BD5-EE54F5A03E22}.Release|iPhoneSimulator.Deploy.0 = Release|Any CPU
		{6E478789-0499-47F3-9BD5-EE54F5A03E22}.Release|x86.ActiveCfg = Release|Any CPU
		{6E478789-0499-47F3-9BD5-EE54F5A03E22}.Release|x86.Build.0 = Release|Any CPU
		{6E478789-0499-47F3-9BD5-EE54F5A03E22}.Release|x86.Deploy.0 = Release|Any CPU
		{783A4CC7-7B6B-441E-8683-38B314650497}.Ad-Hoc|Any CPU.ActiveCfg = Release|Any CPU
		{783A4CC7-7B6B-441E-8683-38B314650497}.Ad-Hoc|Any CPU.Build.0 = Release|Any CPU
		{783A4CC7-7B6B-441E-8683-38B314650497}.Ad-Hoc|Any CPU.Deploy.0 = Release|Any CPU
		{783A4CC7-7B6B-441E-8683-38B314650497}.Ad-Hoc|ARM.ActiveCfg = Release|ARM
		{783A4CC7-7B6B-441E-8683-38B314650497}.Ad-Hoc|ARM.Build.0 = Release|ARM
		{783A4CC7-7B6B-441E-8683-38B314650497}.Ad-Hoc|ARM.Deploy.0 = Release|ARM
		{783A4CC7-7B6B-441E-8683-38B314650497}.Ad-Hoc|iPhone.ActiveCfg = Release|Any CPU
		{783A4CC7-7B6B-441E-8683-38B314650497}.Ad-Hoc|iPhone.Build.0 = Release|Any CPU
		{783A4CC7-7B6B-441E-8683-38B314650497}.Ad-Hoc|iPhone.Deploy.0 = Release|Any CPU
		{783A4CC7-7B6B-441E-8683-38B314650497}.Ad-Hoc|iPhoneSimulator.ActiveCfg = Release|Any CPU
		{783A4CC7-7B6B-441E-8683-38B314650497}.Ad-Hoc|iPhoneSimulator.Build.0 = Release|Any CPU
		{783A4CC7-7B6B-441E-8683-38B314650497}.Ad-Hoc|iPhoneSimulator.Deploy.0 = Release|Any CPU
		{783A4CC7-7B6B-441E-8683-38B314650497}.Ad-Hoc|x86.ActiveCfg = Release|x86
		{783A4CC7-7B6B-441E-8683-38B314650497}.Ad-Hoc|x86.Build.0 = Release|x86
		{783A4CC7-7B6B-441E-8683-38B314650497}.Ad-Hoc|x86.Deploy.0 = Release|x86
		{783A4CC7-7B6B-441E-8683-38B314650497}.AppStore|Any CPU.ActiveCfg = Release|Any CPU
		{783A4CC7-7B6B-441E-8683-38B314650497}.AppStore|Any CPU.Build.0 = Release|Any CPU
		{783A4CC7-7B6B-441E-8683-38B314650497}.AppStore|Any CPU.Deploy.0 = Release|Any CPU
		{783A4CC7-7B6B-441E-8683-38B314650497}.AppStore|ARM.ActiveCfg = Release|ARM
		{783A4CC7-7B6B-441E-8683-38B314650497}.AppStore|ARM.Build.0 = Release|ARM
		{783A4CC7-7B6B-441E-8683-38B314650497}.AppStore|ARM.Deploy.0 = Release|ARM
		{783A4CC7-7B6B-441E-8683-38B314650497}.AppStore|iPhone.ActiveCfg = Release|Any CPU
		{783A4CC7-7B6B-441E-8683-38B314650497}.AppStore|iPhone.Build.0 = Release|Any CPU
		{783A4CC7-7B6B-441E-8683-38B314650497}.AppStore|iPhone.Deploy.0 = Release|Any CPU
		{783A4CC7-7B6B-441E-8683-38B314650497}.AppStore|iPhoneSimulator.ActiveCfg = Release|Any CPU
		{783A4CC7-7B6B-441E-8683-38B314650497}.AppStore|iPhoneSimulator.Build.0 = Release|Any CPU
		{783A4CC7-7B6B-441E-8683-38B314650497}.AppStore|iPhoneSimulator.Deploy.0 = Release|Any CPU
		{783A4CC7-7B6B-441E-8683-38B314650497}.AppStore|x86.ActiveCfg = Release|x86
		{783A4CC7-7B6B-441E-8683-38B314650497}.AppStore|x86.Build.0 = Release|x86
		{783A4CC7-7B6B-441E-8683-38B314650497}.AppStore|x86.Deploy.0 = Release|x86
		{783A4CC7-7B6B-441E-8683-38B314650497}.Debug|Any CPU.ActiveCfg = Debug|Any CPU
		{783A4CC7-7B6B-441E-8683-38B314650497}.Debug|Any CPU.Build.0 = Debug|Any CPU
		{783A4CC7-7B6B-441E-8683-38B314650497}.Debug|Any CPU.Deploy.0 = Debug|Any CPU
		{783A4CC7-7B6B-441E-8683-38B314650497}.Debug|ARM.ActiveCfg = Debug|ARM
		{783A4CC7-7B6B-441E-8683-38B314650497}.Debug|ARM.Build.0 = Debug|ARM
		{783A4CC7-7B6B-441E-8683-38B314650497}.Debug|ARM.Deploy.0 = Debug|ARM
		{783A4CC7-7B6B-441E-8683-38B314650497}.Debug|iPhone.ActiveCfg = Debug|Any CPU
		{783A4CC7-7B6B-441E-8683-38B314650497}.Debug|iPhone.Build.0 = Debug|Any CPU
		{783A4CC7-7B6B-441E-8683-38B314650497}.Debug|iPhone.Deploy.0 = Debug|Any CPU
		{783A4CC7-7B6B-441E-8683-38B314650497}.Debug|iPhoneSimulator.ActiveCfg = Debug|Any CPU
		{783A4CC7-7B6B-441E-8683-38B314650497}.Debug|iPhoneSimulator.Build.0 = Debug|Any CPU
		{783A4CC7-7B6B-441E-8683-38B314650497}.Debug|iPhoneSimulator.Deploy.0 = Debug|Any CPU
		{783A4CC7-7B6B-441E-8683-38B314650497}.Debug|x86.ActiveCfg = Debug|x86
		{783A4CC7-7B6B-441E-8683-38B314650497}.Debug|x86.Build.0 = Debug|x86
		{783A4CC7-7B6B-441E-8683-38B314650497}.Debug|x86.Deploy.0 = Debug|x86
		{783A4CC7-7B6B-441E-8683-38B314650497}.Release|Any CPU.ActiveCfg = Release|Any CPU
		{783A4CC7-7B6B-441E-8683-38B314650497}.Release|Any CPU.Build.0 = Release|Any CPU
		{783A4CC7-7B6B-441E-8683-38B314650497}.Release|Any CPU.Deploy.0 = Release|Any CPU
		{783A4CC7-7B6B-441E-8683-38B314650497}.Release|ARM.ActiveCfg = Release|ARM
		{783A4CC7-7B6B-441E-8683-38B314650497}.Release|ARM.Build.0 = Release|ARM
		{783A4CC7-7B6B-441E-8683-38B314650497}.Release|ARM.Deploy.0 = Release|ARM
		{783A4CC7-7B6B-441E-8683-38B314650497}.Release|iPhone.ActiveCfg = Release|Any CPU
		{783A4CC7-7B6B-441E-8683-38B314650497}.Release|iPhone.Build.0 = Release|Any CPU
		{783A4CC7-7B6B-441E-8683-38B314650497}.Release|iPhone.Deploy.0 = Release|Any CPU
		{783A4CC7-7B6B-441E-8683-38B314650497}.Release|iPhoneSimulator.ActiveCfg = Release|Any CPU
		{783A4CC7-7B6B-441E-8683-38B314650497}.Release|iPhoneSimulator.Build.0 = Release|Any CPU
		{783A4CC7-7B6B-441E-8683-38B314650497}.Release|iPhoneSimulator.Deploy.0 = Release|Any CPU
		{783A4CC7-7B6B-441E-8683-38B314650497}.Release|x86.ActiveCfg = Release|x86
		{783A4CC7-7B6B-441E-8683-38B314650497}.Release|x86.Build.0 = Release|x86
		{783A4CC7-7B6B-441E-8683-38B314650497}.Release|x86.Deploy.0 = Release|x86
	EndGlobalSection
	GlobalSection(SolutionProperties) = preSolution
		HideSolutionNode = FALSE
	EndGlobalSection
EndGlobal
